
Microsoft Visual Studio Solution File, Format Version 12.00
# Visual Studio Version 16
VisualStudioVersion = 16.0.30709.132
MinimumVisualStudioVersion = 10.0.40219.1
Project("{FAE04EC0-301F-11D3-BF4B-00C04F79EFBC}") = "zkouska2", "zkouska2\zkouska2.csproj", "{0FE38DE1-AB18-464E-9AD8-2C003AD25D1D}"
EndProject
Global
	GlobalSection(SolutionConfigurationPlatforms) = preSolution
		Debug|Any CPU = Debug|Any CPU
		Release|Any CPU = Release|Any CPU
	EndGlobalSection
	GlobalSection(ProjectConfigurationPlatforms) = postSolution
		{0FE38DE1-AB18-464E-9AD8-2C003AD25D1D}.Debug|Any CPU.ActiveCfg = Debug|Any CPU
		{0FE38DE1-AB18-464E-9AD8-2C003AD25D1D}.Debug|Any CPU.Build.0 = Debug|Any CPU
		{0FE38DE1-AB18-464E-9AD8-2C003AD25D1D}.Release|Any CPU.ActiveCfg = Release|Any CPU
		{0FE38DE1-AB18-464E-9AD8-2C003AD25D1D}.Release|Any CPU.Build.0 = Release|Any CPU
	EndGlobalSection
	GlobalSection(SolutionProperties) = preSolution
		HideSolutionNode = FALSE
	EndGlobalSection
	GlobalSection(ExtensibilityGlobals) = postSolution
		SolutionGuid = {2775D6D5-8FA8-44E1-891C-88DB478AF1B6}
	EndGlobalSection
EndGlobal
